// !$*UTF8*$!
{
	archiveVersion = 1;
	classes = {
	};
	objectVersion = 51;
	objects = {

/* Begin PBXBuildFile section */
		183A279527AD957600632869 /* AppDelegate.swift in Sources */ = {isa = PBXBuildFile; fileRef = 183A279427AD957600632869 /* AppDelegate.swift */; };
		183A279727AD957600632869 /* SceneDelegate.swift in Sources */ = {isa = PBXBuildFile; fileRef = 183A279627AD957600632869 /* SceneDelegate.swift */; };
		183A279E27AD957700632869 /* Assets.xcassets in Resources */ = {isa = PBXBuildFile; fileRef = 183A279D27AD957700632869 /* Assets.xcassets */; };
		183A27A127AD957700632869 /* LaunchScreen.storyboard in Resources */ = {isa = PBXBuildFile; fileRef = 183A279F27AD957700632869 /* LaunchScreen.storyboard */; };
		183A27B127AD96C100632869 /* Constant.swift in Sources */ = {isa = PBXBuildFile; fileRef = 183A27B027AD96C100632869 /* Constant.swift */; };
		183A27B427AD977200632869 /* DesignSystem.swift in Sources */ = {isa = PBXBuildFile; fileRef = 183A27B327AD977200632869 /* DesignSystem.swift */; };
		183A27BD27AD97D600632869 /* NetworkClient.swift in Sources */ = {isa = PBXBuildFile; fileRef = 183A27BC27AD97D600632869 /* NetworkClient.swift */; };
		183A27C127AD985C00632869 /* ApiRouter.swift in Sources */ = {isa = PBXBuildFile; fileRef = 183A27C027AD985C00632869 /* ApiRouter.swift */; };
		18AD563A27AD9D7000BEDF7A /* TabBarController.swift in Sources */ = {isa = PBXBuildFile; fileRef = 18AD563927AD9D7000BEDF7A /* TabBarController.swift */; };
		18AD563F27AD9E1000BEDF7A /* AppCoordinator.swift in Sources */ = {isa = PBXBuildFile; fileRef = 18AD563E27AD9E1000BEDF7A /* AppCoordinator.swift */; };
		18AD564427AD9E3500BEDF7A /* MainNavigator.swift in Sources */ = {isa = PBXBuildFile; fileRef = 18AD564327AD9E3500BEDF7A /* MainNavigator.swift */; };
		18AD564727AD9ECC00BEDF7A /* Navigator.swift in Sources */ = {isa = PBXBuildFile; fileRef = 18AD564627AD9ECC00BEDF7A /* Navigator.swift */; };
		18AD565C27ADA4FE00BEDF7A /* FavouriteVC.swift in Sources */ = {isa = PBXBuildFile; fileRef = 18AD565A27ADA4FE00BEDF7A /* FavouriteVC.swift */; };
		18AD565D27ADA4FE00BEDF7A /* FavouriteVC.xib in Resources */ = {isa = PBXBuildFile; fileRef = 18AD565B27ADA4FE00BEDF7A /* FavouriteVC.xib */; };
		18AD566427ADAD4D00BEDF7A /* Colors.xcassets in Resources */ = {isa = PBXBuildFile; fileRef = 18AD566127ADAD4D00BEDF7A /* Colors.xcassets */; };
		18AD566527ADAD4D00BEDF7A /* ColorSystem.png in Resources */ = {isa = PBXBuildFile; fileRef = 18AD566227ADAD4D00BEDF7A /* ColorSystem.png */; };
		18AD566627ADAD4D00BEDF7A /* ColorsSystem.swift in Sources */ = {isa = PBXBuildFile; fileRef = 18AD566327ADAD4D00BEDF7A /* ColorsSystem.swift */; };
		18AD566E27ADB59B00BEDF7A /* UnSplashRouter.swift in Sources */ = {isa = PBXBuildFile; fileRef = 18AD566D27ADB59B00BEDF7A /* UnSplashRouter.swift */; };
		18B448D827AFB962002C23EB /* Favourites.swift in Sources */ = {isa = PBXBuildFile; fileRef = 18B448D627AFB962002C23EB /* Favourites.swift */; };
		18B448D927AFB962002C23EB /* DatabaseManager.swift in Sources */ = {isa = PBXBuildFile; fileRef = 18B448D727AFB962002C23EB /* DatabaseManager.swift */; };
		18B448E927AFBA03002C23EB /* HomeViewModel.swift in Sources */ = {isa = PBXBuildFile; fileRef = 18B448DE27AFBA03002C23EB /* HomeViewModel.swift */; };
		18B448EA27AFBA03002C23EB /* HomeVC.xib in Resources */ = {isa = PBXBuildFile; fileRef = 18B448DF27AFBA03002C23EB /* HomeVC.xib */; };
		18B448EB27AFBA03002C23EB /* ImageModel.swift in Sources */ = {isa = PBXBuildFile; fileRef = 18B448E127AFBA03002C23EB /* ImageModel.swift */; };
		18B448EC27AFBA03002C23EB /* DynamicValue.swift in Sources */ = {isa = PBXBuildFile; fileRef = 18B448E227AFBA03002C23EB /* DynamicValue.swift */; };
		18B448ED27AFBA03002C23EB /* ImageCollectionViewCell.xib in Resources */ = {isa = PBXBuildFile; fileRef = 18B448E427AFBA03002C23EB /* ImageCollectionViewCell.xib */; };
		18B448EE27AFBA03002C23EB /* ImageCollectionViewCell.swift in Sources */ = {isa = PBXBuildFile; fileRef = 18B448E527AFBA03002C23EB /* ImageCollectionViewCell.swift */; };
		18B448EF27AFBA03002C23EB /* HomeVC.swift in Sources */ = {isa = PBXBuildFile; fileRef = 18B448E627AFBA03002C23EB /* HomeVC.swift */; };
		18B448F027AFBA03002C23EB /* CustomCollectionViewFlowLayout.swift in Sources */ = {isa = PBXBuildFile; fileRef = 18B448E727AFBA03002C23EB /* CustomCollectionViewFlowLayout.swift */; };
		18B448F127AFBA03002C23EB /* ImageDataSource.swift in Sources */ = {isa = PBXBuildFile; fileRef = 18B448E827AFBA03002C23EB /* ImageDataSource.swift */; };
		18B448FB27AFBA3F002C23EB /* BasedViewController.swift in Sources */ = {isa = PBXBuildFile; fileRef = 18B448F627AFBA3F002C23EB /* BasedViewController.swift */; };
		18B448FC27AFBA3F002C23EB /* BaseViewModel.swift in Sources */ = {isa = PBXBuildFile; fileRef = 18B448F727AFBA3F002C23EB /* BaseViewModel.swift */; };
		18B448FD27AFBA3F002C23EB /* APIError.swift in Sources */ = {isa = PBXBuildFile; fileRef = 18B448FA27AFBA3F002C23EB /* APIError.swift */; };
		18B4491627AFBC86002C23EB /* SearchViewModel.swift in Sources */ = {isa = PBXBuildFile; fileRef = 18B4491127AFBC86002C23EB /* SearchViewModel.swift */; };
		18B4491727AFBC86002C23EB /* SearchVC.xib in Resources */ = {isa = PBXBuildFile; fileRef = 18B4491227AFBC86002C23EB /* SearchVC.xib */; };
		18B4491827AFBC86002C23EB /* SearchVC.swift in Sources */ = {isa = PBXBuildFile; fileRef = 18B4491327AFBC86002C23EB /* SearchVC.swift */; };
		18B4491927AFBC86002C23EB /* SearchResponseModel.swift in Sources */ = {isa = PBXBuildFile; fileRef = 18B4491527AFBC86002C23EB /* SearchResponseModel.swift */; };
		31E6AB1CCF09E5B72C3E7D13 /* Pods_IOS_Task_Trend.framework in Frameworks */ = {isa = PBXBuildFile; fileRef = 777C4FBFD7F31B92BB67EFEB /* Pods_IOS_Task_Trend.framework */; };
/* End PBXBuildFile section */

/* Begin PBXFileReference section */
		183A279127AD957600632869 /* IOS Task Trend.app */ = {isa = PBXFileReference; explicitFileType = wrapper.application; includeInIndex = 0; path = "IOS Task Trend.app"; sourceTree = BUILT_PRODUCTS_DIR; };
		183A279427AD957600632869 /* AppDelegate.swift */ = {isa = PBXFileReference; lastKnownFileType = sourcecode.swift; path = AppDelegate.swift; sourceTree = "<group>"; };
		183A279627AD957600632869 /* SceneDelegate.swift */ = {isa = PBXFileReference; lastKnownFileType = sourcecode.swift; path = SceneDelegate.swift; sourceTree = "<group>"; };
		183A279D27AD957700632869 /* Assets.xcassets */ = {isa = PBXFileReference; lastKnownFileType = folder.assetcatalog; path = Assets.xcassets; sourceTree = "<group>"; };
		183A27A027AD957700632869 /* Base */ = {isa = PBXFileReference; lastKnownFileType = file.storyboard; name = Base; path = Base.lproj/LaunchScreen.storyboard; sourceTree = "<group>"; };
		183A27A227AD957700632869 /* Info.plist */ = {isa = PBXFileReference; lastKnownFileType = text.plist.xml; path = Info.plist; sourceTree = "<group>"; };
		183A27B027AD96C100632869 /* Constant.swift */ = {isa = PBXFileReference; lastKnownFileType = sourcecode.swift; path = Constant.swift; sourceTree = "<group>"; };
		183A27B327AD977200632869 /* DesignSystem.swift */ = {isa = PBXFileReference; lastKnownFileType = sourcecode.swift; path = DesignSystem.swift; sourceTree = "<group>"; };
		183A27BC27AD97D600632869 /* NetworkClient.swift */ = {isa = PBXFileReference; lastKnownFileType = sourcecode.swift; path = NetworkClient.swift; sourceTree = "<group>"; };
		183A27C027AD985C00632869 /* ApiRouter.swift */ = {isa = PBXFileReference; lastKnownFileType = sourcecode.swift; path = ApiRouter.swift; sourceTree = "<group>"; };
		18AD563927AD9D7000BEDF7A /* TabBarController.swift */ = {isa = PBXFileReference; lastKnownFileType = sourcecode.swift; path = TabBarController.swift; sourceTree = "<group>"; };
		18AD563E27AD9E1000BEDF7A /* AppCoordinator.swift */ = {isa = PBXFileReference; lastKnownFileType = sourcecode.swift; path = AppCoordinator.swift; sourceTree = "<group>"; };
		18AD564327AD9E3500BEDF7A /* MainNavigator.swift */ = {isa = PBXFileReference; fileEncoding = 4; lastKnownFileType = sourcecode.swift; path = MainNavigator.swift; sourceTree = "<group>"; };
		18AD564627AD9ECC00BEDF7A /* Navigator.swift */ = {isa = PBXFileReference; fileEncoding = 4; lastKnownFileType = sourcecode.swift; path = Navigator.swift; sourceTree = "<group>"; };
		18AD565A27ADA4FE00BEDF7A /* FavouriteVC.swift */ = {isa = PBXFileReference; lastKnownFileType = sourcecode.swift; path = FavouriteVC.swift; sourceTree = "<group>"; };
		18AD565B27ADA4FE00BEDF7A /* FavouriteVC.xib */ = {isa = PBXFileReference; lastKnownFileType = file.xib; path = FavouriteVC.xib; sourceTree = "<group>"; };
		18AD566127ADAD4D00BEDF7A /* Colors.xcassets */ = {isa = PBXFileReference; lastKnownFileType = folder.assetcatalog; path = Colors.xcassets; sourceTree = "<group>"; };
		18AD566227ADAD4D00BEDF7A /* ColorSystem.png */ = {isa = PBXFileReference; lastKnownFileType = image.png; path = ColorSystem.png; sourceTree = "<group>"; };
		18AD566327ADAD4D00BEDF7A /* ColorsSystem.swift */ = {isa = PBXFileReference; fileEncoding = 4; lastKnownFileType = sourcecode.swift; path = ColorsSystem.swift; sourceTree = "<group>"; };
		18AD566D27ADB59B00BEDF7A /* UnSplashRouter.swift */ = {isa = PBXFileReference; lastKnownFileType = sourcecode.swift; path = UnSplashRouter.swift; sourceTree = "<group>"; };
		18B448D627AFB962002C23EB /* Favourites.swift */ = {isa = PBXFileReference; fileEncoding = 4; lastKnownFileType = sourcecode.swift; path = Favourites.swift; sourceTree = "<group>"; };
		18B448D727AFB962002C23EB /* DatabaseManager.swift */ = {isa = PBXFileReference; fileEncoding = 4; lastKnownFileType = sourcecode.swift; path = DatabaseManager.swift; sourceTree = "<group>"; };
		18B448DE27AFBA03002C23EB /* HomeViewModel.swift */ = {isa = PBXFileReference; fileEncoding = 4; lastKnownFileType = sourcecode.swift; path = HomeViewModel.swift; sourceTree = "<group>"; };
		18B448DF27AFBA03002C23EB /* HomeVC.xib */ = {isa = PBXFileReference; fileEncoding = 4; lastKnownFileType = file.xib; path = HomeVC.xib; sourceTree = "<group>"; };
		18B448E127AFBA03002C23EB /* ImageModel.swift */ = {isa = PBXFileReference; fileEncoding = 4; lastKnownFileType = sourcecode.swift; path = ImageModel.swift; sourceTree = "<group>"; };
		18B448E227AFBA03002C23EB /* DynamicValue.swift */ = {isa = PBXFileReference; fileEncoding = 4; lastKnownFileType = sourcecode.swift; path = DynamicValue.swift; sourceTree = "<group>"; };
		18B448E427AFBA03002C23EB /* ImageCollectionViewCell.xib */ = {isa = PBXFileReference; fileEncoding = 4; lastKnownFileType = file.xib; path = ImageCollectionViewCell.xib; sourceTree = "<group>"; };
		18B448E527AFBA03002C23EB /* ImageCollectionViewCell.swift */ = {isa = PBXFileReference; fileEncoding = 4; lastKnownFileType = sourcecode.swift; path = ImageCollectionViewCell.swift; sourceTree = "<group>"; };
		18B448E627AFBA03002C23EB /* HomeVC.swift */ = {isa = PBXFileReference; fileEncoding = 4; lastKnownFileType = sourcecode.swift; path = HomeVC.swift; sourceTree = "<group>"; };
		18B448E727AFBA03002C23EB /* CustomCollectionViewFlowLayout.swift */ = {isa = PBXFileReference; fileEncoding = 4; lastKnownFileType = sourcecode.swift; path = CustomCollectionViewFlowLayout.swift; sourceTree = "<group>"; };
		18B448E827AFBA03002C23EB /* ImageDataSource.swift */ = {isa = PBXFileReference; fileEncoding = 4; lastKnownFileType = sourcecode.swift; path = ImageDataSource.swift; sourceTree = "<group>"; };
		18B448F627AFBA3F002C23EB /* BasedViewController.swift */ = {isa = PBXFileReference; fileEncoding = 4; lastKnownFileType = sourcecode.swift; path = BasedViewController.swift; sourceTree = "<group>"; };
		18B448F727AFBA3F002C23EB /* BaseViewModel.swift */ = {isa = PBXFileReference; fileEncoding = 4; lastKnownFileType = sourcecode.swift; path = BaseViewModel.swift; sourceTree = "<group>"; };
		18B448FA27AFBA3F002C23EB /* APIError.swift */ = {isa = PBXFileReference; fileEncoding = 4; lastKnownFileType = sourcecode.swift; path = APIError.swift; sourceTree = "<group>"; };
		18B4491127AFBC86002C23EB /* SearchViewModel.swift */ = {isa = PBXFileReference; fileEncoding = 4; lastKnownFileType = sourcecode.swift; path = SearchViewModel.swift; sourceTree = "<group>"; };
		18B4491227AFBC86002C23EB /* SearchVC.xib */ = {isa = PBXFileReference; fileEncoding = 4; lastKnownFileType = file.xib; path = SearchVC.xib; sourceTree = "<group>"; };
		18B4491327AFBC86002C23EB /* SearchVC.swift */ = {isa = PBXFileReference; fileEncoding = 4; lastKnownFileType = sourcecode.swift; path = SearchVC.swift; sourceTree = "<group>"; };
		18B4491527AFBC86002C23EB /* SearchResponseModel.swift */ = {isa = PBXFileReference; fileEncoding = 4; lastKnownFileType = sourcecode.swift; path = SearchResponseModel.swift; sourceTree = "<group>"; };
		1B029991E466CB5312ABD122 /* Pods-IOS Task Trend.debug.xcconfig */ = {isa = PBXFileReference; includeInIndex = 1; lastKnownFileType = text.xcconfig; name = "Pods-IOS Task Trend.debug.xcconfig"; path = "Target Support Files/Pods-IOS Task Trend/Pods-IOS Task Trend.debug.xcconfig"; sourceTree = "<group>"; };
		5723136978EABF32E56499BA /* Pods-IOS Task Trend.release.xcconfig */ = {isa = PBXFileReference; includeInIndex = 1; lastKnownFileType = text.xcconfig; name = "Pods-IOS Task Trend.release.xcconfig"; path = "Target Support Files/Pods-IOS Task Trend/Pods-IOS Task Trend.release.xcconfig"; sourceTree = "<group>"; };
		777C4FBFD7F31B92BB67EFEB /* Pods_IOS_Task_Trend.framework */ = {isa = PBXFileReference; explicitFileType = wrapper.framework; includeInIndex = 0; path = Pods_IOS_Task_Trend.framework; sourceTree = BUILT_PRODUCTS_DIR; };
/* End PBXFileReference section */

/* Begin PBXFrameworksBuildPhase section */
		183A278E27AD957600632869 /* Frameworks */ = {
			isa = PBXFrameworksBuildPhase;
			buildActionMask = 2147483647;
			files = (
				31E6AB1CCF09E5B72C3E7D13 /* Pods_IOS_Task_Trend.framework in Frameworks */,
			);
			runOnlyForDeploymentPostprocessing = 0;
		};
/* End PBXFrameworksBuildPhase section */

/* Begin PBXGroup section */
		183A278827AD957600632869 = {
			isa = PBXGroup;
			children = (
				183A279327AD957600632869 /* IOS Task Trend */,
				183A279227AD957600632869 /* Products */,
				6F6F581AF07C895710A7C331 /* Pods */,
				69A1F82269626DCD63EB65DE /* Frameworks */,
			);
			sourceTree = "<group>";
		};
		183A279227AD957600632869 /* Products */ = {
			isa = PBXGroup;
			children = (
				183A279127AD957600632869 /* IOS Task Trend.app */,
			);
			name = Products;
			sourceTree = "<group>";
		};
		183A279327AD957600632869 /* IOS Task Trend */ = {
			isa = PBXGroup;
			children = (
				18B448F327AFBA3F002C23EB /* Core */,
				18B448D527AFB962002C23EB /* LocalStorage */,
				183A27C627AD991B00632869 /* AppDelegates */,
				183A27C527AD98B000632869 /* SupportedFiles */,
				183A27B627AD977D00632869 /* Network */,
				183A27AF27AD96AB00632869 /* Utilties */,
				183A27AB27AD961C00632869 /* Module */,
				183A27A927AD95F600632869 /* ViewModel */,
				183A27A227AD957700632869 /* Info.plist */,
			);
			path = "IOS Task Trend";
			sourceTree = "<group>";
		};
		183A27A927AD95F600632869 /* ViewModel */ = {
			isa = PBXGroup;
			children = (
			);
			path = ViewModel;
			sourceTree = "<group>";
		};
		183A27AB27AD961C00632869 /* Module */ = {
			isa = PBXGroup;
			children = (
				18B4490F27AFBC86002C23EB /* Search */,
				18AD563827AD9D4100BEDF7A /* TabBar */,
				183A27AE27AD963400632869 /* Favourite */,
				18B448DC27AFBA03002C23EB /* Home */,
			);
			path = Module;
			sourceTree = "<group>";
		};
		183A27AE27AD963400632869 /* Favourite */ = {
			isa = PBXGroup;
			children = (
				18AD565A27ADA4FE00BEDF7A /* FavouriteVC.swift */,
				18AD565B27ADA4FE00BEDF7A /* FavouriteVC.xib */,
			);
			path = Favourite;
			sourceTree = "<group>";
		};
		183A27AF27AD96AB00632869 /* Utilties */ = {
			isa = PBXGroup;
			children = (
				18AD565F27ADAD2900BEDF7A /* DesginSystem */,
				18AD563D27AD9DCA00BEDF7A /* Coordinator */,
				183A27B027AD96C100632869 /* Constant.swift */,
				183A27B327AD977200632869 /* DesignSystem.swift */,
			);
			path = Utilties;
			sourceTree = "<group>";
		};
		183A27B627AD977D00632869 /* Network */ = {
			isa = PBXGroup;
			children = (
				183A27BA27AD979A00632869 /* Routers */,
				183A27BC27AD97D600632869 /* NetworkClient.swift */,
			);
			path = Network;
			sourceTree = "<group>";
		};
		183A27BA27AD979A00632869 /* Routers */ = {
			isa = PBXGroup;
			children = (
				183A27BF27AD983E00632869 /* BaseRouter */,
				18AD566D27ADB59B00BEDF7A /* UnSplashRouter.swift */,
			);
			path = Routers;
			sourceTree = "<group>";
		};
		183A27BF27AD983E00632869 /* BaseRouter */ = {
			isa = PBXGroup;
			children = (
				183A27C027AD985C00632869 /* ApiRouter.swift */,
			);
			path = BaseRouter;
			sourceTree = "<group>";
		};
		183A27C527AD98B000632869 /* SupportedFiles */ = {
			isa = PBXGroup;
			children = (
				183A279D27AD957700632869 /* Assets.xcassets */,
				183A279F27AD957700632869 /* LaunchScreen.storyboard */,
			);
			path = SupportedFiles;
			sourceTree = "<group>";
		};
		183A27C627AD991B00632869 /* AppDelegates */ = {
			isa = PBXGroup;
			children = (
				183A279427AD957600632869 /* AppDelegate.swift */,
				183A279627AD957600632869 /* SceneDelegate.swift */,
			);
			path = AppDelegates;
			sourceTree = "<group>";
		};
		18AD563827AD9D4100BEDF7A /* TabBar */ = {
			isa = PBXGroup;
			children = (
				18AD563927AD9D7000BEDF7A /* TabBarController.swift */,
			);
			path = TabBar;
			sourceTree = "<group>";
		};
		18AD563D27AD9DCA00BEDF7A /* Coordinator */ = {
			isa = PBXGroup;
			children = (
				18AD564627AD9ECC00BEDF7A /* Navigator.swift */,
				18AD564227AD9E3500BEDF7A /* MainNavigator */,
				18AD563E27AD9E1000BEDF7A /* AppCoordinator.swift */,
			);
			path = Coordinator;
			sourceTree = "<group>";
		};
		18AD564227AD9E3500BEDF7A /* MainNavigator */ = {
			isa = PBXGroup;
			children = (
				18AD564327AD9E3500BEDF7A /* MainNavigator.swift */,
			);
			path = MainNavigator;
			sourceTree = "<group>";
		};
		18AD565F27ADAD2900BEDF7A /* DesginSystem */ = {
			isa = PBXGroup;
			children = (
				18AD566027ADAD4D00BEDF7A /* ColorSystem */,
			);
			path = DesginSystem;
			sourceTree = "<group>";
		};
		18AD566027ADAD4D00BEDF7A /* ColorSystem */ = {
			isa = PBXGroup;
			children = (
				18AD566127ADAD4D00BEDF7A /* Colors.xcassets */,
				18AD566227ADAD4D00BEDF7A /* ColorSystem.png */,
				18AD566327ADAD4D00BEDF7A /* ColorsSystem.swift */,
			);
			path = ColorSystem;
			sourceTree = "<group>";
		};
		18B448D527AFB962002C23EB /* LocalStorage */ = {
			isa = PBXGroup;
			children = (
				18B448D627AFB962002C23EB /* Favourites.swift */,
				18B448D727AFB962002C23EB /* DatabaseManager.swift */,
			);
			path = LocalStorage;
			sourceTree = "<group>";
		};
		18B448DC27AFBA03002C23EB /* Home */ = {
			isa = PBXGroup;
			children = (
				18B448DD27AFBA03002C23EB /* ViewModel */,
				18B448DF27AFBA03002C23EB /* HomeVC.xib */,
				18B448E027AFBA03002C23EB /* Model */,
				18B448E327AFBA03002C23EB /* View */,
				18B448E627AFBA03002C23EB /* HomeVC.swift */,
				18B448E727AFBA03002C23EB /* CustomCollectionViewFlowLayout.swift */,
				18B448E827AFBA03002C23EB /* ImageDataSource.swift */,
			);
			path = Home;
			sourceTree = "<group>";
		};
		18B448DD27AFBA03002C23EB /* ViewModel */ = {
			isa = PBXGroup;
			children = (
				18B448DE27AFBA03002C23EB /* HomeViewModel.swift */,
			);
			path = ViewModel;
			sourceTree = "<group>";
		};
		18B448E027AFBA03002C23EB /* Model */ = {
			isa = PBXGroup;
			children = (
				18B448E127AFBA03002C23EB /* ImageModel.swift */,
				18B448E227AFBA03002C23EB /* DynamicValue.swift */,
			);
			path = Model;
			sourceTree = "<group>";
		};
		18B448E327AFBA03002C23EB /* View */ = {
			isa = PBXGroup;
			children = (
				18B448E427AFBA03002C23EB /* ImageCollectionViewCell.xib */,
				18B448E527AFBA03002C23EB /* ImageCollectionViewCell.swift */,
			);
			path = View;
			sourceTree = "<group>";
		};
		18B448F327AFBA3F002C23EB /* Core */ = {
			isa = PBXGroup;
			children = (
				18B448F427AFBA3F002C23EB /* ViewModel */,
				18B448F527AFBA3F002C23EB /* BaseClasses */,
				18B448F827AFBA3F002C23EB /* Error Handling */,
			);
			name = Core;
			path = "../../../../../Desktop/Ehgzh/IOS Task Trend/IOS Task Trend/Core";
			sourceTree = "<group>";
		};
		18B448F427AFBA3F002C23EB /* ViewModel */ = {
			isa = PBXGroup;
			children = (
			);
			path = ViewModel;
			sourceTree = "<group>";
		};
		18B448F527AFBA3F002C23EB /* BaseClasses */ = {
			isa = PBXGroup;
			children = (
				18B448F627AFBA3F002C23EB /* BasedViewController.swift */,
				18B448F727AFBA3F002C23EB /* BaseViewModel.swift */,
			);
			path = BaseClasses;
			sourceTree = "<group>";
		};
		18B448F827AFBA3F002C23EB /* Error Handling */ = {
			isa = PBXGroup;
			children = (
				18B448F927AFBA3F002C23EB /* APIError */,
			);
			path = "Error Handling";
			sourceTree = "<group>";
		};
		18B448F927AFBA3F002C23EB /* APIError */ = {
			isa = PBXGroup;
			children = (
				18B448FA27AFBA3F002C23EB /* APIError.swift */,
			);
			path = APIError;
			sourceTree = "<group>";
		};
		18B4490F27AFBC86002C23EB /* Search */ = {
			isa = PBXGroup;
			children = (
				18B4491027AFBC86002C23EB /* ViewModel */,
				18B4491227AFBC86002C23EB /* SearchVC.xib */,
				18B4491327AFBC86002C23EB /* SearchVC.swift */,
				18B4491427AFBC86002C23EB /* Model */,
			);
			path = Search;
			sourceTree = "<group>";
		};
		18B4491027AFBC86002C23EB /* ViewModel */ = {
			isa = PBXGroup;
			children = (
				18B4491127AFBC86002C23EB /* SearchViewModel.swift */,
			);
			path = ViewModel;
			sourceTree = "<group>";
		};
		18B4491427AFBC86002C23EB /* Model */ = {
			isa = PBXGroup;
			children = (
				18B4491527AFBC86002C23EB /* SearchResponseModel.swift */,
			);
			path = Model;
			sourceTree = "<group>";
		};
		69A1F82269626DCD63EB65DE /* Frameworks */ = {
			isa = PBXGroup;
			children = (
				777C4FBFD7F31B92BB67EFEB /* Pods_IOS_Task_Trend.framework */,
			);
			name = Frameworks;
			sourceTree = "<group>";
		};
		6F6F581AF07C895710A7C331 /* Pods */ = {
			isa = PBXGroup;
			children = (
				1B029991E466CB5312ABD122 /* Pods-IOS Task Trend.debug.xcconfig */,
				5723136978EABF32E56499BA /* Pods-IOS Task Trend.release.xcconfig */,
			);
			path = Pods;
			sourceTree = "<group>";
		};
/* End PBXGroup section */

/* Begin PBXNativeTarget section */
		183A279027AD957600632869 /* IOS Task Trend */ = {
			isa = PBXNativeTarget;
			buildConfigurationList = 183A27A527AD957700632869 /* Build configuration list for PBXNativeTarget "IOS Task Trend" */;
			buildPhases = (
				D13777CD7D06559B27F787F1 /* [CP] Check Pods Manifest.lock */,
				183A278D27AD957600632869 /* Sources */,
				183A278E27AD957600632869 /* Frameworks */,
				183A278F27AD957600632869 /* Resources */,
				7A7E771E9D66873E39ABDB67 /* [CP] Embed Pods Frameworks */,
			);
			buildRules = (
			);
			dependencies = (
			);
			name = "IOS Task Trend";
			productName = "IOS Task Trend";
			productReference = 183A279127AD957600632869 /* IOS Task Trend.app */;
			productType = "com.apple.product-type.application";
		};
/* End PBXNativeTarget section */

/* Begin PBXProject section */
		183A278927AD957600632869 /* Project object */ = {
			isa = PBXProject;
			attributes = {
				LastSwiftUpdateCheck = 1240;
				LastUpgradeCheck = 1240;
				TargetAttributes = {
					183A279027AD957600632869 = {
						CreatedOnToolsVersion = 12.4;
					};
				};
			};
			buildConfigurationList = 183A278C27AD957600632869 /* Build configuration list for PBXProject "IOS Task Trend" */;
			compatibilityVersion = "Xcode 9.3";
			developmentRegion = en;
			hasScannedForEncodings = 0;
			knownRegions = (
				en,
				Base,
			);
			mainGroup = 183A278827AD957600632869;
			productRefGroup = 183A279227AD957600632869 /* Products */;
			projectDirPath = "";
			projectRoot = "";
			targets = (
				183A279027AD957600632869 /* IOS Task Trend */,
			);
		};
/* End PBXProject section */

/* Begin PBXResourcesBuildPhase section */
		183A278F27AD957600632869 /* Resources */ = {
			isa = PBXResourcesBuildPhase;
			buildActionMask = 2147483647;
			files = (
				183A27A127AD957700632869 /* LaunchScreen.storyboard in Resources */,
				18AD566427ADAD4D00BEDF7A /* Colors.xcassets in Resources */,
				183A279E27AD957700632869 /* Assets.xcassets in Resources */,
				18AD565D27ADA4FE00BEDF7A /* FavouriteVC.xib in Resources */,
				18B4491727AFBC86002C23EB /* SearchVC.xib in Resources */,
				18AD566527ADAD4D00BEDF7A /* ColorSystem.png in Resources */,
				18B448ED27AFBA03002C23EB /* ImageCollectionViewCell.xib in Resources */,
				18B448EA27AFBA03002C23EB /* HomeVC.xib in Resources */,
			);
			runOnlyForDeploymentPostprocessing = 0;
		};
/* End PBXResourcesBuildPhase section */

/* Begin PBXShellScriptBuildPhase section */
		7A7E771E9D66873E39ABDB67 /* [CP] Embed Pods Frameworks */ = {
			isa = PBXShellScriptBuildPhase;
			buildActionMask = 2147483647;
			files = (
			);
			inputFileListPaths = (
				"${PODS_ROOT}/Target Support Files/Pods-IOS Task Trend/Pods-IOS Task Trend-frameworks-${CONFIGURATION}-input-files.xcfilelist",
			);
			name = "[CP] Embed Pods Frameworks";
			outputFileListPaths = (
				"${PODS_ROOT}/Target Support Files/Pods-IOS Task Trend/Pods-IOS Task Trend-frameworks-${CONFIGURATION}-output-files.xcfilelist",
			);
			runOnlyForDeploymentPostprocessing = 0;
			shellPath = /bin/sh;
			shellScript = "\"${PODS_ROOT}/Target Support Files/Pods-IOS Task Trend/Pods-IOS Task Trend-frameworks.sh\"\n";
			showEnvVarsInLog = 0;
		};
		D13777CD7D06559B27F787F1 /* [CP] Check Pods Manifest.lock */ = {
			isa = PBXShellScriptBuildPhase;
			buildActionMask = 2147483647;
			files = (
			);
			inputFileListPaths = (
			);
			inputPaths = (
				"${PODS_PODFILE_DIR_PATH}/Podfile.lock",
				"${PODS_ROOT}/Manifest.lock",
			);
			name = "[CP] Check Pods Manifest.lock";
			outputFileListPaths = (
			);
			outputPaths = (
				"$(DERIVED_FILE_DIR)/Pods-IOS Task Trend-checkManifestLockResult.txt",
			);
			runOnlyForDeploymentPostprocessing = 0;
			shellPath = /bin/sh;
			shellScript = "diff \"${PODS_PODFILE_DIR_PATH}/Podfile.lock\" \"${PODS_ROOT}/Manifest.lock\" > /dev/null\nif [ $? != 0 ] ; then\n    # print error to STDERR\n    echo \"error: The sandbox is not in sync with the Podfile.lock. Run 'pod install' or update your CocoaPods installation.\" >&2\n    exit 1\nfi\n# This output is used by Xcode 'outputs' to avoid re-running this script phase.\necho \"SUCCESS\" > \"${SCRIPT_OUTPUT_FILE_0}\"\n";
			showEnvVarsInLog = 0;
		};
/* End PBXShellScriptBuildPhase section */

/* Begin PBXSourcesBuildPhase section */
		183A278D27AD957600632869 /* Sources */ = {
			isa = PBXSourcesBuildPhase;
			buildActionMask = 2147483647;
			files = (
				18B448E927AFBA03002C23EB /* HomeViewModel.swift in Sources */,
				183A27B427AD977200632869 /* DesignSystem.swift in Sources */,
				18AD564727AD9ECC00BEDF7A /* Navigator.swift in Sources */,
				18B4491827AFBC86002C23EB /* SearchVC.swift in Sources */,
				18B448D827AFB962002C23EB /* Favourites.swift in Sources */,
				18B448D927AFB962002C23EB /* DatabaseManager.swift in Sources */,
				18B448FC27AFBA3F002C23EB /* BaseViewModel.swift in Sources */,
				18B448EE27AFBA03002C23EB /* ImageCollectionViewCell.swift in Sources */,
				18AD566E27ADB59B00BEDF7A /* UnSplashRouter.swift in Sources */,
				183A279527AD957600632869 /* AppDelegate.swift in Sources */,
				18B4491927AFBC86002C23EB /* SearchResponseModel.swift in Sources */,
				183A279727AD957600632869 /* SceneDelegate.swift in Sources */,
				183A27B127AD96C100632869 /* Constant.swift in Sources */,
				18AD564427AD9E3500BEDF7A /* MainNavigator.swift in Sources */,
				18AD563F27AD9E1000BEDF7A /* AppCoordinator.swift in Sources */,
				18AD563A27AD9D7000BEDF7A /* TabBarController.swift in Sources */,
				18B448EB27AFBA03002C23EB /* ImageModel.swift in Sources */,
				18B448EF27AFBA03002C23EB /* HomeVC.swift in Sources */,
				18AD565C27ADA4FE00BEDF7A /* FavouriteVC.swift in Sources */,
				18B448F027AFBA03002C23EB /* CustomCollectionViewFlowLayout.swift in Sources */,
				18B4491627AFBC86002C23EB /* SearchViewModel.swift in Sources */,
				18B448FB27AFBA3F002C23EB /* BasedViewController.swift in Sources */,
				18B448F127AFBA03002C23EB /* ImageDataSource.swift in Sources */,
				18AD566627ADAD4D00BEDF7A /* ColorsSystem.swift in Sources */,
				183A27BD27AD97D600632869 /* NetworkClient.swift in Sources */,
				18B448EC27AFBA03002C23EB /* DynamicValue.swift in Sources */,
				183A27C127AD985C00632869 /* ApiRouter.swift in Sources */,
				18B448FD27AFBA3F002C23EB /* APIError.swift in Sources */,
			);
			runOnlyForDeploymentPostprocessing = 0;
		};
/* End PBXSourcesBuildPhase section */

/* Begin PBXVariantGroup section */
		183A279F27AD957700632869 /* LaunchScreen.storyboard */ = {
			isa = PBXVariantGroup;
			children = (
				183A27A027AD957700632869 /* Base */,
			);
			name = LaunchScreen.storyboard;
			sourceTree = "<group>";
		};
/* End PBXVariantGroup section */

/* Begin XCBuildConfiguration section */
		183A27A327AD957700632869 /* Debug */ = {
			isa = XCBuildConfiguration;
			buildSettings = {
				ALWAYS_SEARCH_USER_PATHS = NO;
				CLANG_ANALYZER_NONNULL = YES;
				CLANG_ANALYZER_NUMBER_OBJECT_CONVERSION = YES_AGGRESSIVE;
				CLANG_CXX_LANGUAGE_STANDARD = "gnu++14";
				CLANG_CXX_LIBRARY = "libc++";
				CLANG_ENABLE_MODULES = YES;
				CLANG_ENABLE_OBJC_ARC = YES;
				CLANG_ENABLE_OBJC_WEAK = YES;
				CLANG_WARN_BLOCK_CAPTURE_AUTORELEASING = YES;
				CLANG_WARN_BOOL_CONVERSION = YES;
				CLANG_WARN_COMMA = YES;
				CLANG_WARN_CONSTANT_CONVERSION = YES;
				CLANG_WARN_DEPRECATED_OBJC_IMPLEMENTATIONS = YES;
				CLANG_WARN_DIRECT_OBJC_ISA_USAGE = YES_ERROR;
				CLANG_WARN_DOCUMENTATION_COMMENTS = YES;
				CLANG_WARN_EMPTY_BODY = YES;
				CLANG_WARN_ENUM_CONVERSION = YES;
				CLANG_WARN_INFINITE_RECURSION = YES;
				CLANG_WARN_INT_CONVERSION = YES;
				CLANG_WARN_NON_LITERAL_NULL_CONVERSION = YES;
				CLANG_WARN_OBJC_IMPLICIT_RETAIN_SELF = YES;
				CLANG_WARN_OBJC_LITERAL_CONVERSION = YES;
				CLANG_WARN_OBJC_ROOT_CLASS = YES_ERROR;
				CLANG_WARN_QUOTED_INCLUDE_IN_FRAMEWORK_HEADER = YES;
				CLANG_WARN_RANGE_LOOP_ANALYSIS = YES;
				CLANG_WARN_STRICT_PROTOTYPES = YES;
				CLANG_WARN_SUSPICIOUS_MOVE = YES;
				CLANG_WARN_UNGUARDED_AVAILABILITY = YES_AGGRESSIVE;
				CLANG_WARN_UNREACHABLE_CODE = YES;
				CLANG_WARN__DUPLICATE_METHOD_MATCH = YES;
				COPY_PHASE_STRIP = NO;
				DEBUG_INFORMATION_FORMAT = dwarf;
				ENABLE_STRICT_OBJC_MSGSEND = YES;
				ENABLE_TESTABILITY = YES;
				GCC_C_LANGUAGE_STANDARD = gnu11;
				GCC_DYNAMIC_NO_PIC = NO;
				GCC_NO_COMMON_BLOCKS = YES;
				GCC_OPTIMIZATION_LEVEL = 0;
				GCC_PREPROCESSOR_DEFINITIONS = (
					"DEBUG=1",
					"$(inherited)",
				);
				GCC_WARN_64_TO_32_BIT_CONVERSION = YES;
				GCC_WARN_ABOUT_RETURN_TYPE = YES_ERROR;
				GCC_WARN_UNDECLARED_SELECTOR = YES;
				GCC_WARN_UNINITIALIZED_AUTOS = YES_AGGRESSIVE;
				GCC_WARN_UNUSED_FUNCTION = YES;
				GCC_WARN_UNUSED_VARIABLE = YES;
				IPHONEOS_DEPLOYMENT_TARGET = 14.4;
				MTL_ENABLE_DEBUG_INFO = INCLUDE_SOURCE;
				MTL_FAST_MATH = YES;
				ONLY_ACTIVE_ARCH = YES;
				SDKROOT = iphoneos;
				SWIFT_ACTIVE_COMPILATION_CONDITIONS = DEBUG;
				SWIFT_OPTIMIZATION_LEVEL = "-Onone";
			};
			name = Debug;
		};
		183A27A427AD957700632869 /* Release */ = {
			isa = XCBuildConfiguration;
			buildSettings = {
				ALWAYS_SEARCH_USER_PATHS = NO;
				CLANG_ANALYZER_NONNULL = YES;
				CLANG_ANALYZER_NUMBER_OBJECT_CONVERSION = YES_AGGRESSIVE;
				CLANG_CXX_LANGUAGE_STANDARD = "gnu++14";
				CLANG_CXX_LIBRARY = "libc++";
				CLANG_ENABLE_MODULES = YES;
				CLANG_ENABLE_OBJC_ARC = YES;
				CLANG_ENABLE_OBJC_WEAK = YES;
				CLANG_WARN_BLOCK_CAPTURE_AUTORELEASING = YES;
				CLANG_WARN_BOOL_CONVERSION = YES;
				CLANG_WARN_COMMA = YES;
				CLANG_WARN_CONSTANT_CONVERSION = YES;
				CLANG_WARN_DEPRECATED_OBJC_IMPLEMENTATIONS = YES;
				CLANG_WARN_DIRECT_OBJC_ISA_USAGE = YES_ERROR;
				CLANG_WARN_DOCUMENTATION_COMMENTS = YES;
				CLANG_WARN_EMPTY_BODY = YES;
				CLANG_WARN_ENUM_CONVERSION = YES;
				CLANG_WARN_INFINITE_RECURSION = YES;
				CLANG_WARN_INT_CONVERSION = YES;
				CLANG_WARN_NON_LITERAL_NULL_CONVERSION = YES;
				CLANG_WARN_OBJC_IMPLICIT_RETAIN_SELF = YES;
				CLANG_WARN_OBJC_LITERAL_CONVERSION = YES;
				CLANG_WARN_OBJC_ROOT_CLASS = YES_ERROR;
				CLANG_WARN_QUOTED_INCLUDE_IN_FRAMEWORK_HEADER = YES;
				CLANG_WARN_RANGE_LOOP_ANALYSIS = YES;
				CLANG_WARN_STRICT_PROTOTYPES = YES;
				CLANG_WARN_SUSPICIOUS_MOVE = YES;
				CLANG_WARN_UNGUARDED_AVAILABILITY = YES_AGGRESSIVE;
				CLANG_WARN_UNREACHABLE_CODE = YES;
				CLANG_WARN__DUPLICATE_METHOD_MATCH = YES;
				COPY_PHASE_STRIP = NO;
				DEBUG_INFORMATION_FORMAT = "dwarf-with-dsym";
				ENABLE_NS_ASSERTIONS = NO;
				ENABLE_STRICT_OBJC_MSGSEND = YES;
				GCC_C_LANGUAGE_STANDARD = gnu11;
				GCC_NO_COMMON_BLOCKS = YES;
				GCC_WARN_64_TO_32_BIT_CONVERSION = YES;
				GCC_WARN_ABOUT_RETURN_TYPE = YES_ERROR;
				GCC_WARN_UNDECLARED_SELECTOR = YES;
				GCC_WARN_UNINITIALIZED_AUTOS = YES_AGGRESSIVE;
				GCC_WARN_UNUSED_FUNCTION = YES;
				GCC_WARN_UNUSED_VARIABLE = YES;
				IPHONEOS_DEPLOYMENT_TARGET = 14.4;
				MTL_ENABLE_DEBUG_INFO = NO;
				MTL_FAST_MATH = YES;
				SDKROOT = iphoneos;
				SWIFT_COMPILATION_MODE = wholemodule;
				SWIFT_OPTIMIZATION_LEVEL = "-O";
				VALIDATE_PRODUCT = YES;
			};
			name = Release;
		};
		183A27A627AD957700632869 /* Debug */ = {
			isa = XCBuildConfiguration;
			baseConfigurationReference = 1B029991E466CB5312ABD122 /* Pods-IOS Task Trend.debug.xcconfig */;
			buildSettings = {
				ASSETCATALOG_COMPILER_APPICON_NAME = AppIcon;
				ASSETCATALOG_COMPILER_GLOBAL_ACCENT_COLOR_NAME = AccentColor;
				CODE_SIGN_STYLE = Automatic;
				DEVELOPMENT_TEAM = 63UDRUA35M;
				INFOPLIST_FILE = "IOS Task Trend/Info.plist";
				LD_RUNPATH_SEARCH_PATHS = (
					"$(inherited)",
					"@executable_path/Frameworks",
				);
				PRODUCT_BUNDLE_IDENTIFIER = "Fekra.IOS-Task-Trend";
				PRODUCT_NAME = "$(TARGET_NAME)";
				SWIFT_VERSION = 5.0;
				TARGETED_DEVICE_FAMILY = "1,2";
			};
			name = Debug;
		};
		183A27A727AD957700632869 /* Release */ = {
			isa = XCBuildConfiguration;
			baseConfigurationReference = 5723136978EABF32E56499BA /* Pods-IOS Task Trend.release.xcconfig */;
			buildSettings = {
				ASSETCATALOG_COMPILER_APPICON_NAME = AppIcon;
				ASSETCATALOG_COMPILER_GLOBAL_ACCENT_COLOR_NAME = AccentColor;
				CODE_SIGN_STYLE = Automatic;
				DEVELOPMENT_TEAM = 63UDRUA35M;
				INFOPLIST_FILE = "IOS Task Trend/Info.plist";
				LD_RUNPATH_SEARCH_PATHS = (
					"$(inherited)",
					"@executable_path/Frameworks",
				);
				PRODUCT_BUNDLE_IDENTIFIER = "Fekra.IOS-Task-Trend";
				PRODUCT_NAME = "$(TARGET_NAME)";
				SWIFT_VERSION = 5.0;
				TARGETED_DEVICE_FAMILY = "1,2";
			};
			name = Release;
		};
/* End XCBuildConfiguration section */

/* Begin XCConfigurationList section */
		183A278C27AD957600632869 /* Build configuration list for PBXProject "IOS Task Trend" */ = {
			isa = XCConfigurationList;
			buildConfigurations = (
				183A27A327AD957700632869 /* Debug */,
				183A27A427AD957700632869 /* Release */,
			);
			defaultConfigurationIsVisible = 0;
			defaultConfigurationName = Release;
		};
		183A27A527AD957700632869 /* Build configuration list for PBXNativeTarget "IOS Task Trend" */ = {
			isa = XCConfigurationList;
			buildConfigurations = (
				183A27A627AD957700632869 /* Debug */,
				183A27A727AD957700632869 /* Release */,
			);
			defaultConfigurationIsVisible = 0;
			defaultConfigurationName = Release;
		};
/* End XCConfigurationList section */
	};
	rootObject = 183A278927AD957600632869 /* Project object */;
}
